
Microsoft Visual Studio Solution File, Format Version 12.00
# Visual Studio Version 17
VisualStudioVersion = 17.3.32929.385
MinimumVisualStudioVersion = 10.0.40219.1
Project("{FAE04EC0-301F-11D3-BF4B-00C04F79EFBC}") = "ProyectoFinal", "ProyectoFinal.csproj", "{04BB604E-371A-4DD9-B052-FA20B31DA7C9}"
EndProject
Global
	GlobalSection(SolutionConfigurationPlatforms) = preSolution
		Debug|Any CPU = Debug|Any CPU
		Release|Any CPU = Release|Any CPU
	EndGlobalSection
	GlobalSection(ProjectConfigurationPlatforms) = postSolution
		{04BB604E-371A-4DD9-B052-FA20B31DA7C9}.Debug|Any CPU.ActiveCfg = Debug|Any CPU
		{04BB604E-371A-4DD9-B052-FA20B31DA7C9}.Debug|Any CPU.Build.0 = Debug|Any CPU
		{04BB604E-371A-4DD9-B052-FA20B31DA7C9}.Release|Any CPU.ActiveCfg = Release|Any CPU
		{04BB604E-371A-4DD9-B052-FA20B31DA7C9}.Release|Any CPU.Build.0 = Release|Any CPU
	EndGlobalSection
	GlobalSection(SolutionProperties) = preSolution
		HideSolutionNode = FALSE
	EndGlobalSection
	GlobalSection(ExtensibilityGlobals) = postSolution
		SolutionGuid = {ED069D1E-6832-4993-B961-39A62B08B08C}
	EndGlobalSection
EndGlobal
